
Microsoft Visual Studio Solution File, Format Version 12.00
# Visual Studio Version 17
VisualStudioVersion = 17.0.32014.148
MinimumVisualStudioVersion = 10.0.40219.1
Project("{FAE04EC0-301F-11D3-BF4B-00C04F79EFBC}") = "PersonProject", "PersonProject\PersonProject.csproj", "{06D02A33-6FF4-4CD4-8D79-A0EF45D1A58D}"
EndProject
Project("{FAE04EC0-301F-11D3-BF4B-00C04F79EFBC}") = "TeamGUI", "TeamGUI\TeamGUI.csproj", "{FBA4620A-AA43-4C40-A62B-A7136C3D1EDD}"
EndProject
Global
	GlobalSection(SolutionConfigurationPlatforms) = preSolution
		Debug|Any CPU = Debug|Any CPU
		Release|Any CPU = Release|Any CPU
	EndGlobalSection
	GlobalSection(ProjectConfigurationPlatforms) = postSolution
		{06D02A33-6FF4-4CD4-8D79-A0EF45D1A58D}.Debug|Any CPU.ActiveCfg = Debug|Any CPU
		{06D02A33-6FF4-4CD4-8D79-A0EF45D1A58D}.Debug|Any CPU.Build.0 = Debug|Any CPU
		{06D02A33-6FF4-4CD4-8D79-A0EF45D1A58D}.Release|Any CPU.ActiveCfg = Release|Any CPU
		{06D02A33-6FF4-4CD4-8D79-A0EF45D1A58D}.Release|Any CPU.Build.0 = Release|Any CPU
		{FBA4620A-AA43-4C40-A62B-A7136C3D1EDD}.Debug|Any CPU.ActiveCfg = Debug|Any CPU
		{FBA4620A-AA43-4C40-A62B-A7136C3D1EDD}.Debug|Any CPU.Build.0 = Debug|Any CPU
		{FBA4620A-AA43-4C40-A62B-A7136C3D1EDD}.Release|Any CPU.ActiveCfg = Release|Any CPU
		{FBA4620A-AA43-4C40-A62B-A7136C3D1EDD}.Release|Any CPU.Build.0 = Release|Any CPU
	EndGlobalSection
	GlobalSection(SolutionProperties) = preSolution
		HideSolutionNode = FALSE
	EndGlobalSection
	GlobalSection(ExtensibilityGlobals) = postSolution
		SolutionGuid = {7E089B0E-6C0B-4BB0-AC3D-17741A7C56C5}
	EndGlobalSection
EndGlobal
